
Microsoft Visual Studio Solution File, Format Version 12.00
# Visual Studio Version 17
VisualStudioVersion = 17.8.34330.188
MinimumVisualStudioVersion = 10.0.40219.1
Project("{FAE04EC0-301F-11D3-BF4B-00C04F79EFBC}") = "Calculator", "Calculator.csproj", "{66DFECD1-F6D0-49F6-94AA-8ED4037D5B9E}"
EndProject
Global
	GlobalSection(SolutionConfigurationPlatforms) = preSolution
		Debug|Any CPU = Debug|Any CPU
		Release|Any CPU = Release|Any CPU
	EndGlobalSection
	GlobalSection(ProjectConfigurationPlatforms) = postSolution
		{66DFECD1-F6D0-49F6-94AA-8ED4037D5B9E}.Debug|Any CPU.ActiveCfg = Debug|Any CPU
		{66DFECD1-F6D0-49F6-94AA-8ED4037D5B9E}.Debug|Any CPU.Build.0 = Debug|Any CPU
		{66DFECD1-F6D0-49F6-94AA-8ED4037D5B9E}.Release|Any CPU.ActiveCfg = Release|Any CPU
		{66DFECD1-F6D0-49F6-94AA-8ED4037D5B9E}.Release|Any CPU.Build.0 = Release|Any CPU
	EndGlobalSection
	GlobalSection(SolutionProperties) = preSolution
		HideSolutionNode = FALSE
	EndGlobalSection
	GlobalSection(ExtensibilityGlobals) = postSolution
		SolutionGuid = {B2AF3CE3-A476-4FE9-8F92-A072955CF3D9}
	EndGlobalSection
EndGlobal
